
Microsoft Visual Studio Solution File, Format Version 12.00
# Visual Studio Version 17
VisualStudioVersion = 17.10.34928.147
MinimumVisualStudioVersion = 10.0.40219.1
Project("{FAE04EC0-301F-11D3-BF4B-00C04F79EFBC}") = "Daily-Diary", "Daily-Diary\Daily-Diary.csproj", "{ADD7018C-2DD1-4C0A-9E6C-23AF9508FF7E}"
EndProject
Global
	GlobalSection(SolutionConfigurationPlatforms) = preSolution
		Debug|Any CPU = Debug|Any CPU
		Release|Any CPU = Release|Any CPU
	EndGlobalSection
	GlobalSection(ProjectConfigurationPlatforms) = postSolution
		{ADD7018C-2DD1-4C0A-9E6C-23AF9508FF7E}.Debug|Any CPU.ActiveCfg = Debug|Any CPU
		{ADD7018C-2DD1-4C0A-9E6C-23AF9508FF7E}.Debug|Any CPU.Build.0 = Debug|Any CPU
		{ADD7018C-2DD1-4C0A-9E6C-23AF9508FF7E}.Release|Any CPU.ActiveCfg = Release|Any CPU
		{ADD7018C-2DD1-4C0A-9E6C-23AF9508FF7E}.Release|Any CPU.Build.0 = Release|Any CPU
	EndGlobalSection
	GlobalSection(SolutionProperties) = preSolution
		HideSolutionNode = FALSE
	EndGlobalSection
	GlobalSection(ExtensibilityGlobals) = postSolution
		SolutionGuid = {9897939F-48BB-49C2-B25E-33595B453B9E}
	EndGlobalSection
EndGlobal
